DEPENDENCIES
  build-essential
  chruby
  database
  nginx
  postgresql
  puffin
    path: .
    metadata: true
  redisio
  unicorn
  yum-epel
  yum-gina
    git: git@github.com:gina-alaska/yum-gina-cookbook
    revision: 0b944c07c4416c0be5e60c2afbe384f34ee48e2e
  yum-repoforge

GRAPH
  apt (2.3.10)
  ark (0.8.2)
  aws (2.2.0)
  bluepill (2.3.1)
    rsyslog (>= 0.0.0)
  build-essential (2.0.2)
  chruby (0.2.2)
    ark (>= 0.0.0)
    ruby_build (>= 0.0.0)
  database (2.2.0)
    aws (>= 0.0.0)
    mysql (>= 5.0.0)
    mysql-chef_gem (>= 0.0.0)
    postgresql (>= 1.0.0)
    xfs (>= 0.0.0)
  mysql (5.2.6)
  mysql-chef_gem (0.0.2)
    build-essential (>= 0.0.0)
    mysql (>= 0.0.0)
  nginx (2.6.2)
    apt (~> 2.2)
    bluepill (~> 2.3)
    build-essential (~> 2.0)
    ohai (~> 1.1)
    runit (~> 1.2)
    yum-epel (~> 0.3)
  ohai (1.1.12)
  openssl (1.1.0)
  postgresql (3.0.3)
    apt (>= 0.0.0)
    build-essential (>= 0.0.0)
    openssl (>= 0.0.0)
  puffin (0.1.4)
    build-essential (>= 0.0.0)
    chruby (>= 0.0.0)
    database (>= 0.0.0)
    nginx (>= 0.0.0)
    postgresql (>= 0.0.0)
    redisio (>= 0.0.0)
    unicorn (>= 0.0.0)
    yum-epel (>= 0.0.0)
    yum-gina (>= 0.0.0)
    yum-repoforge (>= 0.0.0)
  redisio (1.7.1)
    ulimit (>= 0.1.2)
  rsyslog (1.12.2)
  ruby_build (0.8.0)
  runit (1.5.10)
    build-essential (>= 0.0.0)
    yum (~> 3.0)
    yum-epel (>= 0.0.0)
  ulimit (0.3.2)
  unicorn (1.3.0)
  xfs (1.1.0)
  yum (3.2.0)
  yum-epel (0.3.6)
    yum (~> 3.0)
  yum-gina (0.1.0)
    yum (~> 3.0)
  yum-repoforge (0.2.0)
    yum (~> 3.0)
    yum-epel (>= 0.0.0)
